
Microsoft Visual Studio Solution File, Format Version 12.00
# Visual Studio Version 16
VisualStudioVersion = 16.0.32428.217
MinimumVisualStudioVersion = 10.0.40219.1
Project("{9A19103F-16F7-4668-BE54-9A1E7A4F7556}") = "FrekvencijeProject", "FrekvencijeProject\FrekvencijeProject.csproj", "{A1051BB0-0BCD-4B3A-8516-FEFE95EB7DD3}"
EndProject
Global
	GlobalSection(SolutionConfigurationPlatforms) = preSolution
		Debug|Any CPU = Debug|Any CPU
		Debug|x64 = Debug|x64
		Release|Any CPU = Release|Any CPU
		Release|x64 = Release|x64
	EndGlobalSection
	GlobalSection(ProjectConfigurationPlatforms) = postSolution
		{A1051BB0-0BCD-4B3A-8516-FEFE95EB7DD3}.Debug|Any CPU.ActiveCfg = Debug|Any CPU
		{A1051BB0-0BCD-4B3A-8516-FEFE95EB7DD3}.Debug|Any CPU.Build.0 = Debug|Any CPU
		{A1051BB0-0BCD-4B3A-8516-FEFE95EB7DD3}.Debug|x64.ActiveCfg = Debug|Any CPU
		{A1051BB0-0BCD-4B3A-8516-FEFE95EB7DD3}.Debug|x64.Build.0 = Debug|Any CPU
		{A1051BB0-0BCD-4B3A-8516-FEFE95EB7DD3}.Release|Any CPU.ActiveCfg = Release|Any CPU
		{A1051BB0-0BCD-4B3A-8516-FEFE95EB7DD3}.Release|Any CPU.Build.0 = Release|Any CPU
		{A1051BB0-0BCD-4B3A-8516-FEFE95EB7DD3}.Release|x64.ActiveCfg = Release|x64
		{A1051BB0-0BCD-4B3A-8516-FEFE95EB7DD3}.Release|x64.Build.0 = Release|x64
	EndGlobalSection
	GlobalSection(SolutionProperties) = preSolution
		HideSolutionNode = FALSE
	EndGlobalSection
	GlobalSection(ExtensibilityGlobals) = postSolution
		SolutionGuid = {929CFD4D-F796-4962-95D4-17C3DD13B81A}
	EndGlobalSection
EndGlobal
